
Microsoft Visual Studio Solution File, Format Version 9.00
# Visual Studio 2005
Project("{F0299A24-A380-4170-8505-5A3489A962CC}") = "CSVOUTNEW", "CSVOUTNEW.cobproj", "{87094FDD-E14D-4331-AA1F-55596E1D9968}"
EndProject
Global
	GlobalSection(SolutionConfigurationPlatforms) = preSolution
		Debug|Any CPU = Debug|Any CPU
		Release|Any CPU = Release|Any CPU
	EndGlobalSection
	GlobalSection(ProjectConfigurationPlatforms) = postSolution
		{87094FDD-E14D-4331-AA1F-55596E1D9968}.Debug|Any CPU.ActiveCfg = Debug|Any CPU
		{87094FDD-E14D-4331-AA1F-55596E1D9968}.Debug|Any CPU.Build.0 = Debug|Any CPU
		{87094FDD-E14D-4331-AA1F-55596E1D9968}.Release|Any CPU.ActiveCfg = Release|Any CPU
		{87094FDD-E14D-4331-AA1F-55596E1D9968}.Release|Any CPU.Build.0 = Release|Any CPU
	EndGlobalSection
	GlobalSection(SolutionProperties) = preSolution
		HideSolutionNode = FALSE
	EndGlobalSection
EndGlobal
